PODS:
  - Alamofire (4.9.1)
  - Alamofire-SwiftyJSON (3.0.0):
    - Alamofire (~> 4.5)
    - SwiftyJSON (~> 4.0.0)
  - IQKeyboardManagerSwift (6.5.6)
  - Kingfisher (4.10.1)
  - MKBeaconXProSDK (0.1.1)
  - SwiftyJSON (4.0.0)

DEPENDENCIES:
  - Alamofire (~> 4.7)
  - Alamofire-SwiftyJSON
  - IQKeyboardManagerSwift
  - Kingfisher (~> 4.0)
  - MKBeaconXProSDK

SPEC REPOS:
  trunk:
    - Alamofire
    - Alamofire-SwiftyJSON
    - IQKeyboardManagerSwift
    - Kingfisher
    - MKBeaconXProSDK
    - SwiftyJSON

SPEC CHECKSUMS:
  Alamofire: 85e8a02c69d6020a0d734f6054870d7ecb75cf18
  Alamofire-SwiftyJSON: 2b3649d57dc7bb2880fb8b86f8bb969397666916
  IQKeyboardManagerSwift: c7df9d2deb356c04522f5c4b7b6e4ce4d8ed94fe
  Kingfisher: c148cd7b47ebde9989f6bc7c27dcaa79d81279a0
  MKBeaconXProSDK: ebebe517c1793725054bbcade04ee5699d760785
  SwiftyJSON: 070dabdcb1beb81b247c65ffa3a79dbbfb3b48aa

PODFILE CHECKSUM: b3e66811273e34532f563f3f4b2730dd6247b70f

COCOAPODS: 1.9.1
